
Microsoft Visual Studio Solution File, Format Version 12.00
# Visual Studio Version 16
VisualStudioVersion = 16.0.31702.278
MinimumVisualStudioVersion = 10.0.40219.1
Project("{FAE04EC0-301F-11D3-BF4B-00C04F79EFBC}") = "OOPRestaurantOtomation_4", "OOPRestaurantOtomation_4\OOPRestaurantOtomation_4.csproj", "{EC888F1C-14A4-4E1F-9DA6-AB97027B1F92}"
EndProject
Global
	GlobalSection(SolutionConfigurationPlatforms) = preSolution
		Debug|Any CPU = Debug|Any CPU
		Release|Any CPU = Release|Any CPU
	EndGlobalSection
	GlobalSection(ProjectConfigurationPlatforms) = postSolution
		{EC888F1C-14A4-4E1F-9DA6-AB97027B1F92}.Debug|Any CPU.ActiveCfg = Debug|Any CPU
		{EC888F1C-14A4-4E1F-9DA6-AB97027B1F92}.Debug|Any CPU.Build.0 = Debug|Any CPU
		{EC888F1C-14A4-4E1F-9DA6-AB97027B1F92}.Release|Any CPU.ActiveCfg = Release|Any CPU
		{EC888F1C-14A4-4E1F-9DA6-AB97027B1F92}.Release|Any CPU.Build.0 = Release|Any CPU
	EndGlobalSection
	GlobalSection(SolutionProperties) = preSolution
		HideSolutionNode = FALSE
	EndGlobalSection
	GlobalSection(ExtensibilityGlobals) = postSolution
		SolutionGuid = {576D9F4A-103E-4121-817B-A1C0065E0FC5}
	EndGlobalSection
EndGlobal
